
Microsoft Visual Studio Solution File, Format Version 12.00
# Visual Studio Version 17
VisualStudioVersion = 17.10.34928.147
MinimumVisualStudioVersion = 10.0.40219.1
Project("{FAE04EC0-301F-11D3-BF4B-00C04F79EFBC}") = "Assignment P1", "Assignment P1.csproj", "{BCA009E7-63F3-4ED2-811C-381E3E42B106}"
EndProject
Global
	GlobalSection(SolutionConfigurationPlatforms) = preSolution
		Debug|Any CPU = Debug|Any CPU
		Release|Any CPU = Release|Any CPU
	EndGlobalSection
	GlobalSection(ProjectConfigurationPlatforms) = postSolution
		{BCA009E7-63F3-4ED2-811C-381E3E42B106}.Debug|Any CPU.ActiveCfg = Debug|Any CPU
		{BCA009E7-63F3-4ED2-811C-381E3E42B106}.Debug|Any CPU.Build.0 = Debug|Any CPU
		{BCA009E7-63F3-4ED2-811C-381E3E42B106}.Release|Any CPU.ActiveCfg = Release|Any CPU
		{BCA009E7-63F3-4ED2-811C-381E3E42B106}.Release|Any CPU.Build.0 = Release|Any CPU
	EndGlobalSection
	GlobalSection(SolutionProperties) = preSolution
		HideSolutionNode = FALSE
	EndGlobalSection
	GlobalSection(ExtensibilityGlobals) = postSolution
		SolutionGuid = {825B68AA-21FD-417E-88A1-F713B506FD24}
	EndGlobalSection
EndGlobal
